
Microsoft Visual Studio Solution File, Format Version 12.00
# Visual Studio Version 16
VisualStudioVersion = 16.0.31702.278
MinimumVisualStudioVersion = 10.0.40219.1
Project("{FAE04EC0-301F-11D3-BF4B-00C04F79EFBC}") = "DEVPROG_Project.Android", "DEVPROG_Project.Android\DEVPROG_Project.Android.csproj", "{BA984137-0344-4115-AFBA-0A0C7208BC23}"
EndProject
Project("{FAE04EC0-301F-11D3-BF4B-00C04F79EFBC}") = "DEVPROG_Project", "DEVPROG_Project\DEVPROG_Project.csproj", "{8DFCDB7F-A7A9-4908-8F58-9D71DFDC7F24}"
EndProject
Global
	GlobalSection(SolutionConfigurationPlatforms) = preSolution
		Debug|Any CPU = Debug|Any CPU
		Release|Any CPU = Release|Any CPU
	EndGlobalSection
	GlobalSection(ProjectConfigurationPlatforms) = postSolution
		{BA984137-0344-4115-AFBA-0A0C7208BC23}.Debug|Any CPU.ActiveCfg = Debug|Any CPU
		{BA984137-0344-4115-AFBA-0A0C7208BC23}.Debug|Any CPU.Build.0 = Debug|Any CPU
		{BA984137-0344-4115-AFBA-0A0C7208BC23}.Debug|Any CPU.Deploy.0 = Debug|Any CPU
		{BA984137-0344-4115-AFBA-0A0C7208BC23}.Release|Any CPU.ActiveCfg = Release|Any CPU
		{BA984137-0344-4115-AFBA-0A0C7208BC23}.Release|Any CPU.Build.0 = Release|Any CPU
		{BA984137-0344-4115-AFBA-0A0C7208BC23}.Release|Any CPU.Deploy.0 = Release|Any CPU
		{8DFCDB7F-A7A9-4908-8F58-9D71DFDC7F24}.Debug|Any CPU.ActiveCfg = Debug|Any CPU
		{8DFCDB7F-A7A9-4908-8F58-9D71DFDC7F24}.Debug|Any CPU.Build.0 = Debug|Any CPU
		{8DFCDB7F-A7A9-4908-8F58-9D71DFDC7F24}.Debug|Any CPU.Deploy.0 = Debug|Any CPU
		{8DFCDB7F-A7A9-4908-8F58-9D71DFDC7F24}.Release|Any CPU.ActiveCfg = Release|Any CPU
		{8DFCDB7F-A7A9-4908-8F58-9D71DFDC7F24}.Release|Any CPU.Build.0 = Release|Any CPU
		{8DFCDB7F-A7A9-4908-8F58-9D71DFDC7F24}.Release|Any CPU.Deploy.0 = Release|Any CPU
	EndGlobalSection
	GlobalSection(SolutionProperties) = preSolution
		HideSolutionNode = FALSE
	EndGlobalSection
	GlobalSection(ExtensibilityGlobals) = postSolution
		SolutionGuid = {F177599D-D399-47DC-A789-D0DD14C4843D}
	EndGlobalSection
EndGlobal
